// !$*UTF8*$!
{
	archiveVersion = 1;
	classes = {
	};
	objectVersion = 50;
	objects = {

/* Begin PBXBuildFile section */
		8470FAF42577B9A200B05974 /* AppDelegate.m in Sources */ = {isa = PBXBuildFile; fileRef = 8470FAF32577B9A200B05974 /* AppDelegate.m */; };
		8470FAF72577B9A200B05974 /* SceneDelegate.m in Sources */ = {isa = PBXBuildFile; fileRef = 8470FAF62577B9A200B05974 /* SceneDelegate.m */; };
		8470FAFA2577B9A200B05974 /* MineViewController.m in Sources */ = {isa = PBXBuildFile; fileRef = 8470FAF92577B9A200B05974 /* MineViewController.m */; };
		8470FAFD2577B9A200B05974 /* Main.storyboard in Resources */ = {isa = PBXBuildFile; fileRef = 8470FAFB2577B9A200B05974 /* Main.storyboard */; };
		8470FAFF2577B9A300B05974 /* Assets.xcassets in Resources */ = {isa = PBXBuildFile; fileRef = 8470FAFE2577B9A300B05974 /* Assets.xcassets */; };
		8470FB022577B9A300B05974 /* LaunchScreen.storyboard in Resources */ = {isa = PBXBuildFile; fileRef = 8470FB002577B9A300B05974 /* LaunchScreen.storyboard */; };
		8470FB052577B9A300B05974 /* main.m in Sources */ = {isa = PBXBuildFile; fileRef = 8470FB042577B9A300B05974 /* main.m */; };
		8470FB0F2577B9A300B05974 /* EduLoopTests.m in Sources */ = {isa = PBXBuildFile; fileRef = 8470FB0E2577B9A300B05974 /* EduLoopTests.m */; };
		8470FB1A2577B9A300B05974 /* EduLoopUITests.m in Sources */ = {isa = PBXBuildFile; fileRef = 8470FB192577B9A300B05974 /* EduLoopUITests.m */; };
		8470FB2F2577BEF700B05974 /* MineInfoCard.m in Sources */ = {isa = PBXBuildFile; fileRef = 8470FB2E2577BEF700B05974 /* MineInfoCard.m */; };
		8470FB602577EE0800B05974 /* UIColor+EHGenerator.m in Sources */ = {isa = PBXBuildFile; fileRef = 8470FB5F2577EE0800B05974 /* UIColor+EHGenerator.m */; };
		8470FB6D2577EE1500B05974 /* UIColor+EHTheme.m in Sources */ = {isa = PBXBuildFile; fileRef = 8470FB652577EE1500B05974 /* UIColor+EHTheme.m */; };
		8470FB6F2577EE1500B05974 /* UIColor+EHGenerator.m in Sources */ = {isa = PBXBuildFile; fileRef = 8470FB6C2577EE1500B05974 /* UIColor+EHGenerator.m */; };
		8470FB752578CD9500B05974 /* MineToolCard.m in Sources */ = {isa = PBXBuildFile; fileRef = 8470FB742578CD9500B05974 /* MineToolCard.m */; };
		8470FB7B2578D02B00B05974 /* MineToolCardItem.m in Sources */ = {isa = PBXBuildFile; fileRef = 8470FB7A2578D02B00B05974 /* MineToolCardItem.m */; };
		8470FB902579310E00B05974 /* MineMiscCardTableViewCell.m in Sources */ = {isa = PBXBuildFile; fileRef = 8470FB8F2579310E00B05974 /* MineMiscCardTableViewCell.m */; };
		8470FB9F2579443E00B05974 /* MineMiscCard.m in Sources */ = {isa = PBXBuildFile; fileRef = 8470FB9E2579443E00B05974 /* MineMiscCard.m */; };
		8470FBAB257F3B5100B05974 /* ProfileViewController.m in Sources */ = {isa = PBXBuildFile; fileRef = 8470FBAA257F3B5100B05974 /* ProfileViewController.m */; };
		8470FBB1257F3FCA00B05974 /* SettingDataTableViewCell.m in Sources */ = {isa = PBXBuildFile; fileRef = 8470FBB0257F3FCA00B05974 /* SettingDataTableViewCell.m */; };
		8470FBED257F698D00B05974 /* Media.xcassets in Resources */ = {isa = PBXBuildFile; fileRef = 8470FBEC257F698D00B05974 /* Media.xcassets */; };
		8470FBFB2580885800B05974 /* ELOverlay.m in Sources */ = {isa = PBXBuildFile; fileRef = 8470FBFA2580885800B05974 /* ELOverlay.m */; };
		8470FC0E25808B9D00B05974 /* ELOverlayTableViewCell.m in Sources */ = {isa = PBXBuildFile; fileRef = 8470FC0D25808B9D00B05974 /* ELOverlayTableViewCell.m */; };
		8470FC142580AA0B00B05974 /* ChildProfileViewController.m in Sources */ = {isa = PBXBuildFile; fileRef = 8470FC132580AA0B00B05974 /* ChildProfileViewController.m */; };
		8470FC1A2580AAAD00B05974 /* ChildProfileCard.m in Sources */ = {isa = PBXBuildFile; fileRef = 8470FC192580AAAD00B05974 /* ChildProfileCard.m */; };
		8470FC412580C4DA00B05974 /* ChildModel.m in Sources */ = {isa = PBXBuildFile; fileRef = 8470FC402580C4DA00B05974 /* ChildModel.m */; };
		8470FC4A2580E3F000B05974 /* BroadcastViewController.m in Sources */ = {isa = PBXBuildFile; fileRef = 8470FC492580E3F000B05974 /* BroadcastViewController.m */; };
		8470FC542580E4C800B05974 /* ELHomeworkModule.m in Sources */ = {isa = PBXBuildFile; fileRef = 8470FC532580E4C800B05974 /* ELHomeworkModule.m */; };
		8470FC672587067B00B05974 /* HomeworkShowViewController.m in Sources */ = {isa = PBXBuildFile; fileRef = 8470FC662587067B00B05974 /* HomeworkShowViewController.m */; };
		8470FC6D2587093800B05974 /* HomeworkShowTableViewCell.m in Sources */ = {isa = PBXBuildFile; fileRef = 8470FC6C2587093800B05974 /* HomeworkShowTableViewCell.m */; };
		8470FC7325870A5100B05974 /* AvatarCard.m in Sources */ = {isa = PBXBuildFile; fileRef = 8470FC7225870A5100B05974 /* AvatarCard.m */; };
		8470FC7A258727A700B05974 /* TaskModel.m in Sources */ = {isa = PBXBuildFile; fileRef = 8470FC79258727A700B05974 /* TaskModel.m */; };
		8470FC812587534C00B05974 /* ELOverlayItem.m in Sources */ = {isa = PBXBuildFile; fileRef = 8470FC802587534C00B05974 /* ELOverlayItem.m */; };
		8470FC8A25885C8A00B05974 /* ELCenterOverlay.m in Sources */ = {isa = PBXBuildFile; fileRef = 8470FC8925885C8A00B05974 /* ELCenterOverlay.m */; };
		8470FC9025885F1200B05974 /* ELCenterOverlayModel.m in Sources */ = {isa = PBXBuildFile; fileRef = 8470FC8F25885F1200B05974 /* ELCenterOverlayModel.m */; };
		8470FC9625889A5F00B05974 /* ELFloatingButton.m in Sources */ = {isa = PBXBuildFile; fileRef = 8470FC9525889A5F00B05974 /* ELFloatingButton.m */; };
		8470FCA6258B4CBB00B05974 /* ELBottomStackOverlay.m in Sources */ = {isa = PBXBuildFile; fileRef = 8470FCA5258B4CBB00B05974 /* ELBottomStackOverlay.m */; };
		8470FCAC258B778600B05974 /* ELStackCardItem.m in Sources */ = {isa = PBXBuildFile; fileRef = 8470FCAB258B778600B05974 /* ELStackCardItem.m */; };
		8470FCB4258C761500B05974 /* CommunityViewController.m in Sources */ = {isa = PBXBuildFile; fileRef = 8470FCB3258C761500B05974 /* CommunityViewController.m */; };
		8470FCBA258C763900B05974 /* ELCommunityModule.m in Sources */ = {isa = PBXBuildFile; fileRef = 8470FCB9258C763900B05974 /* ELCommunityModule.m */; };
		8470FCC1258C771900B05974 /* UgcModel.m in Sources */ = {isa = PBXBuildFile; fileRef = 8470FCC0258C771900B05974 /* UgcModel.m */; };
		8470FCC8258C77F100B05974 /* UgcCard.m in Sources */ = {isa = PBXBuildFile; fileRef = 8470FCC7258C77F100B05974 /* UgcCard.m */; };
		8470FCE2258C994B00B05974 /* UgcNormalContent.m in Sources */ = {isa = PBXBuildFile; fileRef = 8470FCE1258C994B00B05974 /* UgcNormalContent.m */; };
		8470FCE8258C9AC700B05974 /* UgcVoteCard.m in Sources */ = {isa = PBXBuildFile; fileRef = 8470FCE7258C9AC700B05974 /* UgcVoteCard.m */; };
		8470FCF9258C9BFB00B05974 /* ELVoteCard.m in Sources */ = {isa = PBXBuildFile; fileRef = 8470FCF8258C9BFB00B05974 /* ELVoteCard.m */; };
		8470FCFF2590461100B05974 /* UgcTextImgCard.m in Sources */ = {isa = PBXBuildFile; fileRef = 8470FCFE2590461100B05974 /* UgcTextImgCard.m */; };
		8470FD0825907E9E00B05974 /* UgcDetailPageViewController.m in Sources */ = {isa = PBXBuildFile; fileRef = 8470FD0725907E9E00B05974 /* UgcDetailPageViewController.m */; };
		8470FD0E259438DD00B05974 /* UgcCardTableViewCell.m in Sources */ = {isa = PBXBuildFile; fileRef = 8470FD0D259438DD00B05974 /* UgcCardTableViewCell.m */; };
		8470FD1725945D7300B05974 /* CommentModel.m in Sources */ = {isa = PBXBuildFile; fileRef = 8470FD1625945D7300B05974 /* CommentModel.m */; };
		8470FD1E25945E1A00B05974 /* CommentCard.m in Sources */ = {isa = PBXBuildFile; fileRef = 8470FD1D25945E1A00B05974 /* CommentCard.m */; };
		8470FD2725947DE800B05974 /* TestViewController.m in Sources */ = {isa = PBXBuildFile; fileRef = 8470FD2625947DE800B05974 /* TestViewController.m */; };
		8470FD2D2594867500B05974 /* CommentEditView.m in Sources */ = {isa = PBXBuildFile; fileRef = 8470FD2C2594867500B05974 /* CommentEditView.m */; };
		8470FD33259A262A00B05974 /* ELSearchBar.m in Sources */ = {isa = PBXBuildFile; fileRef = 8470FD32259A262A00B05974 /* ELSearchBar.m */; };
		8470FD39259A36AF00B05974 /* ELCommentManager.m in Sources */ = {isa = PBXBuildFile; fileRef = 8470FD38259A36AF00B05974 /* ELCommentManager.m */; };
		8470FD3F259AEB0900B05974 /* UgcVoteModel.m in Sources */ = {isa = PBXBuildFile; fileRef = 8470FD3E259AEB0900B05974 /* UgcVoteModel.m */; };
		8470FD45259B05EC00B05974 /* ELImageManager.m in Sources */ = {isa = PBXBuildFile; fileRef = 8470FD44259B05EC00B05974 /* ELImageManager.m */; };
		8470FD4B259C506600B05974 /* UgcTextImgPublishViewController.m in Sources */ = {isa = PBXBuildFile; fileRef = 8470FD4A259C506600B05974 /* UgcTextImgPublishViewController.m */; };
		8470FD51259CB0F200B05974 /* ELPublishImage.m in Sources */ = {isa = PBXBuildFile; fileRef = 8470FD50259CB0F200B05974 /* ELPublishImage.m */; };
		8470FD57259CBB4000B05974 /* UgcPublishTextImgModel.m in Sources */ = {isa = PBXBuildFile; fileRef = 8470FD56259CBB4000B05974 /* UgcPublishTextImgModel.m */; };
		8470FD6125A1B5C500B05974 /* UgcVotePublishViewController.m in Sources */ = {isa = PBXBuildFile; fileRef = 8470FD6025A1B5C500B05974 /* UgcVotePublishViewController.m */; };
		8470FD6B25A2D7CB00B05974 /* ELChatModule.m in Sources */ = {isa = PBXBuildFile; fileRef = 8470FD6A25A2D7CB00B05974 /* ELChatModule.m */; };
		8470FD7425A2DCC000B05974 /* ChatAllViewController.m in Sources */ = {isa = PBXBuildFile; fileRef = 8470FD7325A2DCC000B05974 /* ChatAllViewController.m */; };
		8470FD7A25A2DDBF00B05974 /* MessageModel.m in Sources */ = {isa = PBXBuildFile; fileRef = 8470FD7925A2DDBF00B05974 /* MessageModel.m */; };
		8470FD8025A2E00E00B05974 /* ChatAllModel.m in Sources */ = {isa = PBXBuildFile; fileRef = 8470FD7F25A2E00E00B05974 /* ChatAllModel.m */; };
		8470FD8625A2E22100B05974 /* MessageSummaryCardTableViewCell.m in Sources */ = {isa = PBXBuildFile; fileRef = 8470FD8525A2E22100B05974 /* MessageSummaryCardTableViewCell.m */; };
		8470FD8C25A2E29900B05974 /* ChatDetailViewController.m in Sources */ = {isa = PBXBuildFile; fileRef = 8470FD8B25A2E29900B05974 /* ChatDetailViewController.m */; };
		8470FD9325A2FF0200B05974 /* ELCustomLabel.m in Sources */ = {isa = PBXBuildFile; fileRef = 8470FD9225A2FF0200B05974 /* ELCustomLabel.m */; };
		8470FD9925A426D900B05974 /* ContactPersonModel.m in Sources */ = {isa = PBXBuildFile; fileRef = 8470FD9825A426D900B05974 /* ContactPersonModel.m */; };
		8470FD9F25A4276400B05974 /* AddressListViewController.m in Sources */ = {isa = PBXBuildFile; fileRef = 8470FD9E25A4276400B05974 /* AddressListViewController.m */; };
		8470FDA525A42CA900B05974 /* AddressListTableViewCell.m in Sources */ = {isa = PBXBuildFile; fileRef = 8470FDA425A42CA900B05974 /* AddressListTableViewCell.m */; };
		8470FDAE25A4560D00B05974 /* ChatBoard.m in Sources */ = {isa = PBXBuildFile; fileRef = 8470FDAD25A4560D00B05974 /* ChatBoard.m */; };
		8470FDB425AEC50600B05974 /* MessageBubble.m in Sources */ = {isa = PBXBuildFile; fileRef = 8470FDB325AEC50600B05974 /* MessageBubble.m */; };
		8470FDBA25AEC99700B05974 /* MessageRecordTableViewCell.m in Sources */ = {isa = PBXBuildFile; fileRef = 8470FDB925AEC99700B05974 /* MessageRecordTableViewCell.m */; };
		8470FDC025B6D62F00B05974 /* ELScreen.m in Sources */ = {isa = PBXBuildFile; fileRef = 8470FDBF25B6D62E00B05974 /* ELScreen.m */; };
		8470FDCF26062E2800B05974 /* BasicInfo.m in Sources */ = {isa = PBXBuildFile; fileRef = 8470FDCE26062E2800B05974 /* BasicInfo.m */; };
		8470FDE226070A8D00B05974 /* ELResponse.m in Sources */ = {isa = PBXBuildFile; fileRef = 8470FDE126070A8D00B05974 /* ELResponse.m */; };
		8470FDF126070C4D00B05974 /* PagedResult.m in Sources */ = {isa = PBXBuildFile; fileRef = 8470FDF026070C4D00B05974 /* PagedResult.m */; };
		B56C4CB27218F46755ADDDB9 /* libPods-EduLoop.a in Frameworks */ = {isa = PBXBuildFile; fileRef = 03A30B8306BBFF24ECE415E9 /* libPods-EduLoop.a */; };
/* End PBXBuildFile section */

/* Begin PBXContainerItemProxy section */
		8470FB0B2577B9A300B05974 /* PBXContainerItemProxy */ = {
			isa = PBXContainerItemProxy;
			containerPortal = 8470FAE72577B9A200B05974 /* Project object */;
			proxyType = 1;
			remoteGlobalIDString = 8470FAEE2577B9A200B05974;
			remoteInfo = EduLoop;
		};
		8470FB162577B9A300B05974 /* PBXContainerItemProxy */ = {
			isa = PBXContainerItemProxy;
			containerPortal = 8470FAE72577B9A200B05974 /* Project object */;
			proxyType = 1;
			remoteGlobalIDString = 8470FAEE2577B9A200B05974;
			remoteInfo = EduLoop;
		};
/* End PBXContainerItemProxy section */

/* Begin PBXFileReference section */
		03A30B8306BBFF24ECE415E9 /* libPods-EduLoop.a */ = {isa = PBXFileReference; explicitFileType = archive.ar; includeInIndex = 0; path = "libPods-EduLoop.a"; sourceTree = BUILT_PRODUCTS_DIR; };
		4A9FEE5E2DF57E8D74A2552C /* Pods-EduLoop.release.xcconfig */ = {isa = PBXFileReference; includeInIndex = 1; lastKnownFileType = text.xcconfig; name = "Pods-EduLoop.release.xcconfig"; path = "Target Support Files/Pods-EduLoop/Pods-EduLoop.release.xcconfig"; sourceTree = "<group>"; };
		8470FAEF2577B9A200B05974 /* EduLoop.app */ = {isa = PBXFileReference; explicitFileType = wrapper.application; includeInIndex = 0; path = EduLoop.app; sourceTree = BUILT_PRODUCTS_DIR; };
		8470FAF22577B9A200B05974 /* AppDelegate.h */ = {isa = PBXFileReference; lastKnownFileType = sourcecode.c.h; path = AppDelegate.h; sourceTree = "<group>"; };
		8470FAF32577B9A200B05974 /* AppDelegate.m */ = {isa = PBXFileReference; lastKnownFileType = sourcecode.c.objc; path = AppDelegate.m; sourceTree = "<group>"; };
		8470FAF52577B9A200B05974 /* SceneDelegate.h */ = {isa = PBXFileReference; lastKnownFileType = sourcecode.c.h; path = SceneDelegate.h; sourceTree = "<group>"; };
		8470FAF62577B9A200B05974 /* SceneDelegate.m */ = {isa = PBXFileReference; lastKnownFileType = sourcecode.c.objc; path = SceneDelegate.m; sourceTree = "<group>"; };
		8470FAF82577B9A200B05974 /* MineViewController.h */ = {isa = PBXFileReference; lastKnownFileType = sourcecode.c.h; path = MineViewController.h; sourceTree = "<group>"; };
		8470FAF92577B9A200B05974 /* MineViewController.m */ = {isa = PBXFileReference; lastKnownFileType = sourcecode.c.objc; path = MineViewController.m; sourceTree = "<group>"; };
		8470FAFC2577B9A200B05974 /* Base */ = {isa = PBXFileReference; lastKnownFileType = file.storyboard; name = Base; path = Base.lproj/Main.storyboard; sourceTree = "<group>"; };
		8470FAFE2577B9A300B05974 /* Assets.xcassets */ = {isa = PBXFileReference; lastKnownFileType = folder.assetcatalog; path = Assets.xcassets; sourceTree = "<group>"; };
		8470FB012577B9A300B05974 /* Base */ = {isa = PBXFileReference; lastKnownFileType = file.storyboard; name = Base; path = Base.lproj/LaunchScreen.storyboard; sourceTree = "<group>"; };
		8470FB032577B9A300B05974 /* Info.plist */ = {isa = PBXFileReference; lastKnownFileType = text.plist.xml; path = Info.plist; sourceTree = "<group>"; };
		8470FB042577B9A300B05974 /* main.m */ = {isa = PBXFileReference; lastKnownFileType = sourcecode.c.objc; path = main.m; sourceTree = "<group>"; };
		8470FB0A2577B9A300B05974 /* EduLoopTests.xctest */ = {isa = PBXFileReference; explicitFileType = wrapper.cfbundle; includeInIndex = 0; path = EduLoopTests.xctest; sourceTree = BUILT_PRODUCTS_DIR; };
		8470FB0E2577B9A300B05974 /* EduLoopTests.m */ = {isa = PBXFileReference; lastKnownFileType = sourcecode.c.objc; path = EduLoopTests.m; sourceTree = "<group>"; };
		8470FB102577B9A300B05974 /* Info.plist */ = {isa = PBXFileReference; lastKnownFileType = text.plist.xml; path = Info.plist; sourceTree = "<group>"; };
		8470FB152577B9A300B05974 /* EduLoopUITests.xctest */ = {isa = PBXFileReference; explicitFileType = wrapper.cfbundle; includeInIndex = 0; path = EduLoopUITests.xctest; sourceTree = BUILT_PRODUCTS_DIR; };
		8470FB192577B9A300B05974 /* EduLoopUITests.m */ = {isa = PBXFileReference; lastKnownFileType = sourcecode.c.objc; path = EduLoopUITests.m; sourceTree = "<group>"; };
		8470FB1B2577B9A300B05974 /* Info.plist */ = {isa = PBXFileReference; lastKnownFileType = text.plist.xml; path = Info.plist; sourceTree = "<group>"; };
		8470FB2D2577BEF700B05974 /* MineInfoCard.h */ = {isa = PBXFileReference; lastKnownFileType = sourcecode.c.h; path = MineInfoCard.h; sourceTree = "<group>"; };
		8470FB2E2577BEF700B05974 /* MineInfoCard.m */ = {isa = PBXFileReference; lastKnownFileType = sourcecode.c.objc; path = MineInfoCard.m; sourceTree = "<group>"; };
		8470FB5E2577EE0800B05974 /* UIColor+EHGenerator.h */ = {isa = PBXFileReference; fileEncoding = 4; lastKnownFileType = sourcecode.c.h; path = "UIColor+EHGenerator.h"; sourceTree = "<group>"; };
		8470FB5F2577EE0800B05974 /* UIColor+EHGenerator.m */ = {isa = PBXFileReference; fileEncoding = 4; lastKnownFileType = sourcecode.c.objc; path = "UIColor+EHGenerator.m"; sourceTree = "<group>"; };
		8470FB652577EE1500B05974 /* UIColor+EHTheme.m */ = {isa = PBXFileReference; fileEncoding = 4; lastKnownFileType = sourcecode.c.objc; path = "UIColor+EHTheme.m"; sourceTree = "<group>"; };
		8470FB682577EE1500B05974 /* UIColor+EHTheme.h */ = {isa = PBXFileReference; fileEncoding = 4; lastKnownFileType = sourcecode.c.h; path = "UIColor+EHTheme.h"; sourceTree = "<group>"; };
		8470FB6B2577EE1500B05974 /* UIColor+EHGenerator.h */ = {isa = PBXFileReference; fileEncoding = 4; lastKnownFileType = sourcecode.c.h; path = "UIColor+EHGenerator.h"; sourceTree = "<group>"; };
		8470FB6C2577EE1500B05974 /* UIColor+EHGenerator.m */ = {isa = PBXFileReference; fileEncoding = 4; lastKnownFileType = sourcecode.c.objc; path = "UIColor+EHGenerator.m"; sourceTree = "<group>"; };
		8470FB732578CD9500B05974 /* MineToolCard.h */ = {isa = PBXFileReference; lastKnownFileType = sourcecode.c.h; path = MineToolCard.h; sourceTree = "<group>"; };
		8470FB742578CD9500B05974 /* MineToolCard.m */ = {isa = PBXFileReference; lastKnownFileType = sourcecode.c.objc; path = MineToolCard.m; sourceTree = "<group>"; };
		8470FB792578D02B00B05974 /* MineToolCardItem.h */ = {isa = PBXFileReference; lastKnownFileType = sourcecode.c.h; path = MineToolCardItem.h; sourceTree = "<group>"; };
		8470FB7A2578D02B00B05974 /* MineToolCardItem.m */ = {isa = PBXFileReference; lastKnownFileType = sourcecode.c.objc; path = MineToolCardItem.m; sourceTree = "<group>"; };
		8470FB8E2579310E00B05974 /* MineMiscCardTableViewCell.h */ = {isa = PBXFileReference; lastKnownFileType = sourcecode.c.h; path = MineMiscCardTableViewCell.h; sourceTree = "<group>"; };
		8470FB8F2579310E00B05974 /* MineMiscCardTableViewCell.m */ = {isa = PBXFileReference; lastKnownFileType = sourcecode.c.objc; path = MineMiscCardTableViewCell.m; sourceTree = "<group>"; };
		8470FB9D2579443E00B05974 /* MineMiscCard.h */ = {isa = PBXFileReference; lastKnownFileType = sourcecode.c.h; path = MineMiscCard.h; sourceTree = "<group>"; };
		8470FB9E2579443E00B05974 /* MineMiscCard.m */ = {isa = PBXFileReference; lastKnownFileType = sourcecode.c.objc; path = MineMiscCard.m; sourceTree = "<group>"; };
		8470FBA9257F3B5100B05974 /* ProfileViewController.h */ = {isa = PBXFileReference; lastKnownFileType = sourcecode.c.h; path = ProfileViewController.h; sourceTree = "<group>"; };
		8470FBAA257F3B5100B05974 /* ProfileViewController.m */ = {isa = PBXFileReference; lastKnownFileType = sourcecode.c.objc; path = ProfileViewController.m; sourceTree = "<group>"; };
		8470FBAF257F3FCA00B05974 /* SettingDataTableViewCell.h */ = {isa = PBXFileReference; lastKnownFileType = sourcecode.c.h; path = SettingDataTableViewCell.h; sourceTree = "<group>"; };
		8470FBB0257F3FCA00B05974 /* SettingDataTableViewCell.m */ = {isa = PBXFileReference; lastKnownFileType = sourcecode.c.objc; path = SettingDataTableViewCell.m; sourceTree = "<group>"; };
		8470FBBE257F61A900B05974 /* ELProfileModule.h */ = {isa = PBXFileReference; lastKnownFileType = sourcecode.c.h; path = ELProfileModule.h; sourceTree = "<group>"; };
		8470FBEC257F698D00B05974 /* Media.xcassets */ = {isa = PBXFileReference; lastKnownFileType = folder.assetcatalog; path = Media.xcassets; sourceTree = "<group>"; };
		8470FBF92580885800B05974 /* ELOverlay.h */ = {isa = PBXFileReference; lastKnownFileType = sourcecode.c.h; path = ELOverlay.h; sourceTree = "<group>"; };
		8470FBFA2580885800B05974 /* ELOverlay.m */ = {isa = PBXFileReference; lastKnownFileType = sourcecode.c.objc; path = ELOverlay.m; sourceTree = "<group>"; };
		8470FC0C25808B9D00B05974 /* ELOverlayTableViewCell.h */ = {isa = PBXFileReference; lastKnownFileType = sourcecode.c.h; path = ELOverlayTableViewCell.h; sourceTree = "<group>"; };
		8470FC0D25808B9D00B05974 /* ELOverlayTableViewCell.m */ = {isa = PBXFileReference; lastKnownFileType = sourcecode.c.objc; path = ELOverlayTableViewCell.m; sourceTree = "<group>"; };
		8470FC122580AA0B00B05974 /* ChildProfileViewController.h */ = {isa = PBXFileReference; lastKnownFileType = sourcecode.c.h; path = ChildProfileViewController.h; sourceTree = "<group>"; };
		8470FC132580AA0B00B05974 /* ChildProfileViewController.m */ = {isa = PBXFileReference; lastKnownFileType = sourcecode.c.objc; path = ChildProfileViewController.m; sourceTree = "<group>"; };
		8470FC182580AAAD00B05974 /* ChildProfileCard.h */ = {isa = PBXFileReference; lastKnownFileType = sourcecode.c.h; path = ChildProfileCard.h; sourceTree = "<group>"; };
		8470FC192580AAAD00B05974 /* ChildProfileCard.m */ = {isa = PBXFileReference; lastKnownFileType = sourcecode.c.objc; path = ChildProfileCard.m; sourceTree = "<group>"; };
		8470FC3F2580C4DA00B05974 /* ChildModel.h */ = {isa = PBXFileReference; lastKnownFileType = sourcecode.c.h; path = ChildModel.h; sourceTree = "<group>"; };
		8470FC402580C4DA00B05974 /* ChildModel.m */ = {isa = PBXFileReference; lastKnownFileType = sourcecode.c.objc; path = ChildModel.m; sourceTree = "<group>"; };
		8470FC482580E3F000B05974 /* BroadcastViewController.h */ = {isa = PBXFileReference; lastKnownFileType = sourcecode.c.h; path = BroadcastViewController.h; sourceTree = "<group>"; };
		8470FC492580E3F000B05974 /* BroadcastViewController.m */ = {isa = PBXFileReference; lastKnownFileType = sourcecode.c.objc; path = BroadcastViewController.m; sourceTree = "<group>"; };
		8470FC522580E4C800B05974 /* ELHomeworkModule.h */ = {isa = PBXFileReference; lastKnownFileType = sourcecode.c.h; path = ELHomeworkModule.h; sourceTree = "<group>"; };
		8470FC532580E4C800B05974 /* ELHomeworkModule.m */ = {isa = PBXFileReference; lastKnownFileType = sourcecode.c.objc; path = ELHomeworkModule.m; sourceTree = "<group>"; };
		8470FC652587067B00B05974 /* HomeworkShowViewController.h */ = {isa = PBXFileReference; lastKnownFileType = sourcecode.c.h; path = HomeworkShowViewController.h; sourceTree = "<group>"; };
		8470FC662587067B00B05974 /* HomeworkShowViewController.m */ = {isa = PBXFileReference; lastKnownFileType = sourcecode.c.objc; path = HomeworkShowViewController.m; sourceTree = "<group>"; };
		8470FC6B2587093800B05974 /* HomeworkShowTableViewCell.h */ = {isa = PBXFileReference; lastKnownFileType = sourcecode.c.h; path = HomeworkShowTableViewCell.h; sourceTree = "<group>"; };
		8470FC6C2587093800B05974 /* HomeworkShowTableViewCell.m */ = {isa = PBXFileReference; lastKnownFileType = sourcecode.c.objc; path = HomeworkShowTableViewCell.m; sourceTree = "<group>"; };
		8470FC7125870A5100B05974 /* AvatarCard.h */ = {isa = PBXFileReference; lastKnownFileType = sourcecode.c.h; path = AvatarCard.h; sourceTree = "<group>"; };
		8470FC7225870A5100B05974 /* AvatarCard.m */ = {isa = PBXFileReference; lastKnownFileType = sourcecode.c.objc; path = AvatarCard.m; sourceTree = "<group>"; };
		8470FC78258727A700B05974 /* TaskModel.h */ = {isa = PBXFileReference; lastKnownFileType = sourcecode.c.h; path = TaskModel.h; sourceTree = "<group>"; };
		8470FC79258727A700B05974 /* TaskModel.m */ = {isa = PBXFileReference; lastKnownFileType = sourcecode.c.objc; path = TaskModel.m; sourceTree = "<group>"; };
		8470FC7F2587534C00B05974 /* ELOverlayItem.h */ = {isa = PBXFileReference; lastKnownFileType = sourcecode.c.h; path = ELOverlayItem.h; sourceTree = "<group>"; };
		8470FC802587534C00B05974 /* ELOverlayItem.m */ = {isa = PBXFileReference; lastKnownFileType = sourcecode.c.objc; path = ELOverlayItem.m; sourceTree = "<group>"; };
		8470FC8825885C8A00B05974 /* ELCenterOverlay.h */ = {isa = PBXFileReference; lastKnownFileType = sourcecode.c.h; path = ELCenterOverlay.h; sourceTree = "<group>"; };
		8470FC8925885C8A00B05974 /* ELCenterOverlay.m */ = {isa = PBXFileReference; lastKnownFileType = sourcecode.c.objc; path = ELCenterOverlay.m; sourceTree = "<group>"; };
		8470FC8E25885F1200B05974 /* ELCenterOverlayModel.h */ = {isa = PBXFileReference; lastKnownFileType = sourcecode.c.h; path = ELCenterOverlayModel.h; sourceTree = "<group>"; };
		8470FC8F25885F1200B05974 /* ELCenterOverlayModel.m */ = {isa = PBXFileReference; lastKnownFileType = sourcecode.c.objc; path = ELCenterOverlayModel.m; sourceTree = "<group>"; };
		8470FC9425889A5F00B05974 /* ELFloatingButton.h */ = {isa = PBXFileReference; lastKnownFileType = sourcecode.c.h; path = ELFloatingButton.h; sourceTree = "<group>"; };
		8470FC9525889A5F00B05974 /* ELFloatingButton.m */ = {isa = PBXFileReference; lastKnownFileType = sourcecode.c.objc; path = ELFloatingButton.m; sourceTree = "<group>"; };
		8470FCA4258B4CBB00B05974 /* ELBottomStackOverlay.h */ = {isa = PBXFileReference; lastKnownFileType = sourcecode.c.h; path = ELBottomStackOverlay.h; sourceTree = "<group>"; };
		8470FCA5258B4CBB00B05974 /* ELBottomStackOverlay.m */ = {isa = PBXFileReference; lastKnownFileType = sourcecode.c.objc; path = ELBottomStackOverlay.m; sourceTree = "<group>"; };
		8470FCAA258B778600B05974 /* ELStackCardItem.h */ = {isa = PBXFileReference; lastKnownFileType = sourcecode.c.h; path = ELStackCardItem.h; sourceTree = "<group>"; };
		8470FCAB258B778600B05974 /* ELStackCardItem.m */ = {isa = PBXFileReference; lastKnownFileType = sourcecode.c.objc; path = ELStackCardItem.m; sourceTree = "<group>"; };
		8470FCB2258C761500B05974 /* CommunityViewController.h */ = {isa = PBXFileReference; lastKnownFileType = sourcecode.c.h; path = CommunityViewController.h; sourceTree = "<group>"; };
		8470FCB3258C761500B05974 /* CommunityViewController.m */ = {isa = PBXFileReference; lastKnownFileType = sourcecode.c.objc; path = CommunityViewController.m; sourceTree = "<group>"; };
		8470FCB8258C763900B05974 /* ELCommunityModule.h */ = {isa = PBXFileReference; lastKnownFileType = sourcecode.c.h; path = ELCommunityModule.h; sourceTree = "<group>"; };
		8470FCB9258C763900B05974 /* ELCommunityModule.m */ = {isa = PBXFileReference; lastKnownFileType = sourcecode.c.objc; path = ELCommunityModule.m; sourceTree = "<group>"; };
		8470FCBF258C771900B05974 /* UgcModel.h */ = {isa = PBXFileReference; lastKnownFileType = sourcecode.c.h; path = UgcModel.h; sourceTree = "<group>"; };
		8470FCC0258C771900B05974 /* UgcModel.m */ = {isa = PBXFileReference; lastKnownFileType = sourcecode.c.objc; path = UgcModel.m; sourceTree = "<group>"; };
		8470FCC6258C77F100B05974 /* UgcCard.h */ = {isa = PBXFileReference; lastKnownFileType = sourcecode.c.h; path = UgcCard.h; sourceTree = "<group>"; };
		8470FCC7258C77F100B05974 /* UgcCard.m */ = {isa = PBXFileReference; lastKnownFileType = sourcecode.c.objc; path = UgcCard.m; sourceTree = "<group>"; };
		8470FCE0258C994B00B05974 /* UgcNormalContent.h */ = {isa = PBXFileReference; lastKnownFileType = sourcecode.c.h; path = UgcNormalContent.h; sourceTree = "<group>"; };
		8470FCE1258C994B00B05974 /* UgcNormalContent.m */ = {isa = PBXFileReference; lastKnownFileType = sourcecode.c.objc; path = UgcNormalContent.m; sourceTree = "<group>"; };
		8470FCE6258C9AC700B05974 /* UgcVoteCard.h */ = {isa = PBXFileReference; lastKnownFileType = sourcecode.c.h; path = UgcVoteCard.h; sourceTree = "<group>"; };
		8470FCE7258C9AC700B05974 /* UgcVoteCard.m */ = {isa = PBXFileReference; lastKnownFileType = sourcecode.c.objc; path = UgcVoteCard.m; sourceTree = "<group>"; };
		8470FCF7258C9BFB00B05974 /* ELVoteCard.h */ = {isa = PBXFileReference; lastKnownFileType = sourcecode.c.h; path = ELVoteCard.h; sourceTree = "<group>"; };
		8470FCF8258C9BFB00B05974 /* ELVoteCard.m */ = {isa = PBXFileReference; lastKnownFileType = sourcecode.c.objc; path = ELVoteCard.m; sourceTree = "<group>"; };
		8470FCFD2590461100B05974 /* UgcTextImgCard.h */ = {isa = PBXFileReference; lastKnownFileType = sourcecode.c.h; path = UgcTextImgCard.h; sourceTree = "<group>"; };
		8470FCFE2590461100B05974 /* UgcTextImgCard.m */ = {isa = PBXFileReference; lastKnownFileType = sourcecode.c.objc; path = UgcTextImgCard.m; sourceTree = "<group>"; };
		8470FD0625907E9E00B05974 /* UgcDetailPageViewController.h */ = {isa = PBXFileReference; lastKnownFileType = sourcecode.c.h; path = UgcDetailPageViewController.h; sourceTree = "<group>"; };
		8470FD0725907E9E00B05974 /* UgcDetailPageViewController.m */ = {isa = PBXFileReference; lastKnownFileType = sourcecode.c.objc; path = UgcDetailPageViewController.m; sourceTree = "<group>"; };
		8470FD0C259438DD00B05974 /* UgcCardTableViewCell.h */ = {isa = PBXFileReference; lastKnownFileType = sourcecode.c.h; path = UgcCardTableViewCell.h; sourceTree = "<group>"; };
		8470FD0D259438DD00B05974 /* UgcCardTableViewCell.m */ = {isa = PBXFileReference; lastKnownFileType = sourcecode.c.objc; path = UgcCardTableViewCell.m; sourceTree = "<group>"; };
		8470FD1525945D7300B05974 /* CommentModel.h */ = {isa = PBXFileReference; lastKnownFileType = sourcecode.c.h; path = CommentModel.h; sourceTree = "<group>"; };
		8470FD1625945D7300B05974 /* CommentModel.m */ = {isa = PBXFileReference; lastKnownFileType = sourcecode.c.objc; path = CommentModel.m; sourceTree = "<group>"; };
		8470FD1C25945E1A00B05974 /* CommentCard.h */ = {isa = PBXFileReference; lastKnownFileType = sourcecode.c.h; path = CommentCard.h; sourceTree = "<group>"; };
		8470FD1D25945E1A00B05974 /* CommentCard.m */ = {isa = PBXFileReference; lastKnownFileType = sourcecode.c.objc; path = CommentCard.m; sourceTree = "<group>"; };
		8470FD2525947DE800B05974 /* TestViewController.h */ = {isa = PBXFileReference; lastKnownFileType = sourcecode.c.h; path = TestViewController.h; sourceTree = "<group>"; };
		8470FD2625947DE800B05974 /* TestViewController.m */ = {isa = PBXFileReference; lastKnownFileType = sourcecode.c.objc; path = TestViewController.m; sourceTree = "<group>"; };
		8470FD2B2594867500B05974 /* CommentEditView.h */ = {isa = PBXFileReference; lastKnownFileType = sourcecode.c.h; path = CommentEditView.h; sourceTree = "<group>"; };
		8470FD2C2594867500B05974 /* CommentEditView.m */ = {isa = PBXFileReference; lastKnownFileType = sourcecode.c.objc; path = CommentEditView.m; sourceTree = "<group>"; };
		8470FD31259A262900B05974 /* ELSearchBar.h */ = {isa = PBXFileReference; lastKnownFileType = sourcecode.c.h; path = ELSearchBar.h; sourceTree = "<group>"; };
		8470FD32259A262A00B05974 /* ELSearchBar.m */ = {isa = PBXFileReference; lastKnownFileType = sourcecode.c.objc; path = ELSearchBar.m; sourceTree = "<group>"; };
		8470FD37259A36AF00B05974 /* ELCommentManager.h */ = {isa = PBXFileReference; lastKnownFileType = sourcecode.c.h; path = ELCommentManager.h; sourceTree = "<group>"; };
		8470FD38259A36AF00B05974 /* ELCommentManager.m */ = {isa = PBXFileReference; lastKnownFileType = sourcecode.c.objc; path = ELCommentManager.m; sourceTree = "<group>"; };
		8470FD3D259AEB0900B05974 /* UgcVoteModel.h */ = {isa = PBXFileReference; lastKnownFileType = sourcecode.c.h; path = UgcVoteModel.h; sourceTree = "<group>"; };
		8470FD3E259AEB0900B05974 /* UgcVoteModel.m */ = {isa = PBXFileReference; lastKnownFileType = sourcecode.c.objc; path = UgcVoteModel.m; sourceTree = "<group>"; };
		8470FD43259B05EC00B05974 /* ELImageManager.h */ = {isa = PBXFileReference; lastKnownFileType = sourcecode.c.h; path = ELImageManager.h; sourceTree = "<group>"; };
		8470FD44259B05EC00B05974 /* ELImageManager.m */ = {isa = PBXFileReference; lastKnownFileType = sourcecode.c.objc; path = ELImageManager.m; sourceTree = "<group>"; };
		8470FD49259C506600B05974 /* UgcTextImgPublishViewController.h */ = {isa = PBXFileReference; lastKnownFileType = sourcecode.c.h; path = UgcTextImgPublishViewController.h; sourceTree = "<group>"; };
		8470FD4A259C506600B05974 /* UgcTextImgPublishViewController.m */ = {isa = PBXFileReference; lastKnownFileType = sourcecode.c.objc; path = UgcTextImgPublishViewController.m; sourceTree = "<group>"; };
		8470FD4F259CB0F200B05974 /* ELPublishImage.h */ = {isa = PBXFileReference; lastKnownFileType = sourcecode.c.h; path = ELPublishImage.h; sourceTree = "<group>"; };
		8470FD50259CB0F200B05974 /* ELPublishImage.m */ = {isa = PBXFileReference; lastKnownFileType = sourcecode.c.objc; path = ELPublishImage.m; sourceTree = "<group>"; };
		8470FD55259CBB4000B05974 /* UgcPublishTextImgModel.h */ = {isa = PBXFileReference; lastKnownFileType = sourcecode.c.h; path = UgcPublishTextImgModel.h; sourceTree = "<group>"; };
		8470FD56259CBB4000B05974 /* UgcPublishTextImgModel.m */ = {isa = PBXFileReference; lastKnownFileType = sourcecode.c.objc; path = UgcPublishTextImgModel.m; sourceTree = "<group>"; };
		8470FD5F25A1B5C500B05974 /* UgcVotePublishViewController.h */ = {isa = PBXFileReference; lastKnownFileType = sourcecode.c.h; path = UgcVotePublishViewController.h; sourceTree = "<group>"; };
		8470FD6025A1B5C500B05974 /* UgcVotePublishViewController.m */ = {isa = PBXFileReference; lastKnownFileType = sourcecode.c.objc; path = UgcVotePublishViewController.m; sourceTree = "<group>"; };
		8470FD6925A2D7CB00B05974 /* ELChatModule.h */ = {isa = PBXFileReference; lastKnownFileType = sourcecode.c.h; path = ELChatModule.h; sourceTree = "<group>"; };
		8470FD6A25A2D7CB00B05974 /* ELChatModule.m */ = {isa = PBXFileReference; lastKnownFileType = sourcecode.c.objc; path = ELChatModule.m; sourceTree = "<group>"; };
		8470FD7225A2DCC000B05974 /* ChatAllViewController.h */ = {isa = PBXFileReference; lastKnownFileType = sourcecode.c.h; path = ChatAllViewController.h; sourceTree = "<group>"; };
		8470FD7325A2DCC000B05974 /* ChatAllViewController.m */ = {isa = PBXFileReference; lastKnownFileType = sourcecode.c.objc; path = ChatAllViewController.m; sourceTree = "<group>"; };
		8470FD7825A2DDBF00B05974 /* MessageModel.h */ = {isa = PBXFileReference; lastKnownFileType = sourcecode.c.h; path = MessageModel.h; sourceTree = "<group>"; };
		8470FD7925A2DDBF00B05974 /* MessageModel.m */ = {isa = PBXFileReference; lastKnownFileType = sourcecode.c.objc; path = MessageModel.m; sourceTree = "<group>"; };
		8470FD7E25A2E00E00B05974 /* ChatAllModel.h */ = {isa = PBXFileReference; lastKnownFileType = sourcecode.c.h; path = ChatAllModel.h; sourceTree = "<group>"; };
		8470FD7F25A2E00E00B05974 /* ChatAllModel.m */ = {isa = PBXFileReference; lastKnownFileType = sourcecode.c.objc; path = ChatAllModel.m; sourceTree = "<group>"; };
		8470FD8425A2E22100B05974 /* MessageSummaryCardTableViewCell.h */ = {isa = PBXFileReference; lastKnownFileType = sourcecode.c.h; path = MessageSummaryCardTableViewCell.h; sourceTree = "<group>"; };
		8470FD8525A2E22100B05974 /* MessageSummaryCardTableViewCell.m */ = {isa = PBXFileReference; lastKnownFileType = sourcecode.c.objc; path = MessageSummaryCardTableViewCell.m; sourceTree = "<group>"; };
		8470FD8A25A2E29900B05974 /* ChatDetailViewController.h */ = {isa = PBXFileReference; lastKnownFileType = sourcecode.c.h; path = ChatDetailViewController.h; sourceTree = "<group>"; };
		8470FD8B25A2E29900B05974 /* ChatDetailViewController.m */ = {isa = PBXFileReference; lastKnownFileType = sourcecode.c.objc; path = ChatDetailViewController.m; sourceTree = "<group>"; };
		8470FD9125A2FF0200B05974 /* ELCustomLabel.h */ = {isa = PBXFileReference; lastKnownFileType = sourcecode.c.h; path = ELCustomLabel.h; sourceTree = "<group>"; };
		8470FD9225A2FF0200B05974 /* ELCustomLabel.m */ = {isa = PBXFileReference; lastKnownFileType = sourcecode.c.objc; path = ELCustomLabel.m; sourceTree = "<group>"; };
		8470FD9725A426D900B05974 /* ContactPersonModel.h */ = {isa = PBXFileReference; lastKnownFileType = sourcecode.c.h; path = ContactPersonModel.h; sourceTree = "<group>"; };
		8470FD9825A426D900B05974 /* ContactPersonModel.m */ = {isa = PBXFileReference; lastKnownFileType = sourcecode.c.objc; path = ContactPersonModel.m; sourceTree = "<group>"; };
		8470FD9D25A4276400B05974 /* AddressListViewController.h */ = {isa = PBXFileReference; lastKnownFileType = sourcecode.c.h; path = AddressListViewController.h; sourceTree = "<group>"; };
		8470FD9E25A4276400B05974 /* AddressListViewController.m */ = {isa = PBXFileReference; lastKnownFileType = sourcecode.c.objc; path = AddressListViewController.m; sourceTree = "<group>"; };
		8470FDA325A42CA900B05974 /* AddressListTableViewCell.h */ = {isa = PBXFileReference; lastKnownFileType = sourcecode.c.h; path = AddressListTableViewCell.h; sourceTree = "<group>"; };
		8470FDA425A42CA900B05974 /* AddressListTableViewCell.m */ = {isa = PBXFileReference; lastKnownFileType = sourcecode.c.objc; path = AddressListTableViewCell.m; sourceTree = "<group>"; };
		8470FDAC25A4560D00B05974 /* ChatBoard.h */ = {isa = PBXFileReference; lastKnownFileType = sourcecode.c.h; path = ChatBoard.h; sourceTree = "<group>"; };
		8470FDAD25A4560D00B05974 /* ChatBoard.m */ = {isa = PBXFileReference; lastKnownFileType = sourcecode.c.objc; path = ChatBoard.m; sourceTree = "<group>"; };
		8470FDB225AEC50600B05974 /* MessageBubble.h */ = {isa = PBXFileReference; lastKnownFileType = sourcecode.c.h; path = MessageBubble.h; sourceTree = "<group>"; };
		8470FDB325AEC50600B05974 /* MessageBubble.m */ = {isa = PBXFileReference; lastKnownFileType = sourcecode.c.objc; path = MessageBubble.m; sourceTree = "<group>"; };
		8470FDB825AEC99700B05974 /* MessageRecordTableViewCell.h */ = {isa = PBXFileReference; lastKnownFileType = sourcecode.c.h; path = MessageRecordTableViewCell.h; sourceTree = "<group>"; };
		8470FDB925AEC99700B05974 /* MessageRecordTableViewCell.m */ = {isa = PBXFileReference; lastKnownFileType = sourcecode.c.objc; path = MessageRecordTableViewCell.m; sourceTree = "<group>"; };
		8470FDBE25B6D62E00B05974 /* ELScreen.h */ = {isa = PBXFileReference; lastKnownFileType = sourcecode.c.h; path = ELScreen.h; sourceTree = "<group>"; };
		8470FDBF25B6D62E00B05974 /* ELScreen.m */ = {isa = PBXFileReference; lastKnownFileType = sourcecode.c.objc; path = ELScreen.m; sourceTree = "<group>"; };
		8470FDCD26062E2800B05974 /* BasicInfo.h */ = {isa = PBXFileReference; lastKnownFileType = sourcecode.c.h; path = BasicInfo.h; sourceTree = "<group>"; };
		8470FDCE26062E2800B05974 /* BasicInfo.m */ = {isa = PBXFileReference; lastKnownFileType = sourcecode.c.objc; path = BasicInfo.m; sourceTree = "<group>"; };
		8470FDE026070A8D00B05974 /* ELResponse.h */ = {isa = PBXFileReference; lastKnownFileType = sourcecode.c.h; path = ELResponse.h; sourceTree = "<group>"; };
		8470FDE126070A8D00B05974 /* ELResponse.m */ = {isa = PBXFileReference; lastKnownFileType = sourcecode.c.objc; path = ELResponse.m; sourceTree = "<group>"; };
		8470FDEF26070C4D00B05974 /* PagedResult.h */ = {isa = PBXFileReference; lastKnownFileType = sourcecode.c.h; path = PagedResult.h; sourceTree = "<group>"; };
		8470FDF026070C4D00B05974 /* PagedResult.m */ = {isa = PBXFileReference; lastKnownFileType = sourcecode.c.objc; path = PagedResult.m; sourceTree = "<group>"; };
		F87AF0CFB6BB37AC984C83F1 /* Pods-EduLoop.debug.xcconfig */ = {isa = PBXFileReference; includeInIndex = 1; lastKnownFileType = text.xcconfig; name = "Pods-EduLoop.debug.xcconfig"; path = "Target Support Files/Pods-EduLoop/Pods-EduLoop.debug.xcconfig"; sourceTree = "<group>"; };
/* End PBXFileReference section */

/* Begin PBXFrameworksBuildPhase section */
		8470FAEC2577B9A200B05974 /* Frameworks */ = {
			isa = PBXFrameworksBuildPhase;
			buildActionMask = 2147483647;
			files = (
				B56C4CB27218F46755ADDDB9 /* libPods-EduLoop.a in Frameworks */,
			);
			runOnlyForDeploymentPostprocessing = 0;
		};
		8470FB072577B9A300B05974 /* Frameworks */ = {
			isa = PBXFrameworksBuildPhase;
			buildActionMask = 2147483647;
			files = (
			);
			runOnlyForDeploymentPostprocessing = 0;
		};
		8470FB122577B9A300B05974 /* Frameworks */ = {
			isa = PBXFrameworksBuildPhase;
			buildActionMask = 2147483647;
			files = (
			);
			runOnlyForDeploymentPostprocessing = 0;
		};
/* End PBXFrameworksBuildPhase section */

/* Begin PBXGroup section */
		0008DC953EF5B9807F76CBFE /* Frameworks */ = {
			isa = PBXGroup;
			children = (
				03A30B8306BBFF24ECE415E9 /* libPods-EduLoop.a */,
			);
			name = Frameworks;
			sourceTree = "<group>";
		};
		8470FAE62577B9A200B05974 = {
			isa = PBXGroup;
			children = (
				8470FAF12577B9A200B05974 /* EduLoop */,
				8470FB0D2577B9A300B05974 /* EduLoopTests */,
				8470FB182577B9A300B05974 /* EduLoopUITests */,
				8470FAF02577B9A200B05974 /* Products */,
				A909C9DE12E7DE9264A4542E /* Pods */,
				0008DC953EF5B9807F76CBFE /* Frameworks */,
			);
			sourceTree = "<group>";
		};
		8470FAF02577B9A200B05974 /* Products */ = {
			isa = PBXGroup;
			children = (
				8470FAEF2577B9A200B05974 /* EduLoop.app */,
				8470FB0A2577B9A300B05974 /* EduLoopTests.xctest */,
				8470FB152577B9A300B05974 /* EduLoopUITests.xctest */,
			);
			name = Products;
			sourceTree = "<group>";
		};
		8470FAF12577B9A200B05974 /* EduLoop */ = {
			isa = PBXGroup;
			children = (
				8470FD6525A2D79500B05974 /* ELChatModule */,
				8470FCB0258C75C400B05974 /* ELCommunityModule */,
				8470FC452580E12200B05974 /* ELHomeworkModule */,
				8470FBF72580880600B05974 /* ELCommonUIKit */,
				8470FB6A2577EE1500B05974 /* EHUIKit */,
				8470FB642577EE1500B05974 /* MyUIFont */,
				8470FB5D2577EE0800B05974 /* MyUIKit */,
				8470FBB8257F5F0000B05974 /* ELProfileModule */,
				8470FAF32577B9A200B05974 /* AppDelegate.m */,
				8470FAF22577B9A200B05974 /* AppDelegate.h */,
				8470FAF52577B9A200B05974 /* SceneDelegate.h */,
				8470FAF62577B9A200B05974 /* SceneDelegate.m */,
				8470FAFB2577B9A200B05974 /* Main.storyboard */,
				8470FAFE2577B9A300B05974 /* Assets.xcassets */,
				8470FB002577B9A300B05974 /* LaunchScreen.storyboard */,
				8470FB032577B9A300B05974 /* Info.plist */,
				8470FB042577B9A300B05974 /* main.m */,
			);
			path = EduLoop;
			sourceTree = "<group>";
		};
		8470FB0D2577B9A300B05974 /* EduLoopTests */ = {
			isa = PBXGroup;
			children = (
				8470FB0E2577B9A300B05974 /* EduLoopTests.m */,
				8470FB102577B9A300B05974 /* Info.plist */,
			);
			path = EduLoopTests;
			sourceTree = "<group>";
		};
		8470FB182577B9A300B05974 /* EduLoopUITests */ = {
			isa = PBXGroup;
			children = (
				8470FB192577B9A300B05974 /* EduLoopUITests.m */,
				8470FB1B2577B9A300B05974 /* Info.plist */,
			);
			path = EduLoopUITests;
			sourceTree = "<group>";
		};
		8470FB5D2577EE0800B05974 /* MyUIKit */ = {
			isa = PBXGroup;
			children = (
				8470FB5E2577EE0800B05974 /* UIColor+EHGenerator.h */,
				8470FB5F2577EE0800B05974 /* UIColor+EHGenerator.m */,
			);
			path = MyUIKit;
			sourceTree = "<group>";
		};
		8470FB642577EE1500B05974 /* MyUIFont */ = {
			isa = PBXGroup;
			children = (
				8470FB682577EE1500B05974 /* UIColor+EHTheme.h */,
				8470FB652577EE1500B05974 /* UIColor+EHTheme.m */,
			);
			path = MyUIFont;
			sourceTree = "<group>";
		};
		8470FB6A2577EE1500B05974 /* EHUIKit */ = {
			isa = PBXGroup;
			children = (
				8470FB6B2577EE1500B05974 /* UIColor+EHGenerator.h */,
				8470FB6C2577EE1500B05974 /* UIColor+EHGenerator.m */,
			);
			path = EHUIKit;
			sourceTree = "<group>";
		};
		8470FBB8257F5F0000B05974 /* ELProfileModule */ = {
			isa = PBXGroup;
			children = (
				8470FBBE257F61A900B05974 /* ELProfileModule.h */,
				8470FBEC257F698D00B05974 /* Media.xcassets */,
				8470FC1E2580BDCE00B05974 /* Model */,
				8470FBBA257F5F7200B05974 /* ViewControllers */,
				8470FBB9257F5F6400B05974 /* Views */,
			);
			path = ELProfileModule;
			sourceTree = "<group>";
		};
		8470FBB9257F5F6400B05974 /* Views */ = {
			isa = PBXGroup;
			children = (
				8470FB2D2577BEF700B05974 /* MineInfoCard.h */,
				8470FB2E2577BEF700B05974 /* MineInfoCard.m */,
				8470FB732578CD9500B05974 /* MineToolCard.h */,
				8470FB742578CD9500B05974 /* MineToolCard.m */,
				8470FB792578D02B00B05974 /* MineToolCardItem.h */,
				8470FB7A2578D02B00B05974 /* MineToolCardItem.m */,
				8470FB9D2579443E00B05974 /* MineMiscCard.h */,
				8470FB9E2579443E00B05974 /* MineMiscCard.m */,
				8470FB8E2579310E00B05974 /* MineMiscCardTableViewCell.h */,
				8470FB8F2579310E00B05974 /* MineMiscCardTableViewCell.m */,
				8470FBAF257F3FCA00B05974 /* SettingDataTableViewCell.h */,
				8470FBB0257F3FCA00B05974 /* SettingDataTableViewCell.m */,
				8470FC182580AAAD00B05974 /* ChildProfileCard.h */,
				8470FC192580AAAD00B05974 /* ChildProfileCard.m */,
			);
			path = Views;
			sourceTree = "<group>";
		};
		8470FBBA257F5F7200B05974 /* ViewControllers */ = {
			isa = PBXGroup;
			children = (
				8470FAF82577B9A200B05974 /* MineViewController.h */,
				8470FAF92577B9A200B05974 /* MineViewController.m */,
				8470FBA9257F3B5100B05974 /* ProfileViewController.h */,
				8470FBAA257F3B5100B05974 /* ProfileViewController.m */,
				8470FC122580AA0B00B05974 /* ChildProfileViewController.h */,
				8470FC132580AA0B00B05974 /* ChildProfileViewController.m */,
			);
			path = ViewControllers;
			sourceTree = "<group>";
		};
		8470FBF72580880600B05974 /* ELCommonUIKit */ = {
			isa = PBXGroup;
			children = (
				8470FC7E2587533E00B05974 /* Models */,
				8470FC0225808ACE00B05974 /* ViewControllers */,
				8470FBF82580881E00B05974 /* Views */,
			);
			path = ELCommonUIKit;
			sourceTree = "<group>";
		};
		8470FBF82580881E00B05974 /* Views */ = {
			isa = PBXGroup;
			children = (
				8470FBF92580885800B05974 /* ELOverlay.h */,
				8470FBFA2580885800B05974 /* ELOverlay.m */,
				8470FC0C25808B9D00B05974 /* ELOverlayTableViewCell.h */,
				8470FC0D25808B9D00B05974 /* ELOverlayTableViewCell.m */,
				8470FC8825885C8A00B05974 /* ELCenterOverlay.h */,
				8470FC8925885C8A00B05974 /* ELCenterOverlay.m */,
				8470FC9425889A5F00B05974 /* ELFloatingButton.h */,
				8470FC9525889A5F00B05974 /* ELFloatingButton.m */,
				8470FCA4258B4CBB00B05974 /* ELBottomStackOverlay.h */,
				8470FCA5258B4CBB00B05974 /* ELBottomStackOverlay.m */,
				8470FCAA258B778600B05974 /* ELStackCardItem.h */,
				8470FCAB258B778600B05974 /* ELStackCardItem.m */,
				8470FD31259A262900B05974 /* ELSearchBar.h */,
				8470FD32259A262A00B05974 /* ELSearchBar.m */,
				8470FD37259A36AF00B05974 /* ELCommentManager.h */,
				8470FD38259A36AF00B05974 /* ELCommentManager.m */,
				8470FD43259B05EC00B05974 /* ELImageManager.h */,
				8470FD44259B05EC00B05974 /* ELImageManager.m */,
				8470FD9125A2FF0200B05974 /* ELCustomLabel.h */,
				8470FD9225A2FF0200B05974 /* ELCustomLabel.m */,
				8470FDBE25B6D62E00B05974 /* ELScreen.h */,
				8470FDBF25B6D62E00B05974 /* ELScreen.m */,
			);
			path = Views;
			sourceTree = "<group>";
		};
		8470FC0225808ACE00B05974 /* ViewControllers */ = {
			isa = PBXGroup;
			children = (
			);
			path = ViewControllers;
			sourceTree = "<group>";
		};
		8470FC1E2580BDCE00B05974 /* Model */ = {
			isa = PBXGroup;
			children = (
				8470FC3F2580C4DA00B05974 /* ChildModel.h */,
				8470FC402580C4DA00B05974 /* ChildModel.m */,
			);
			path = Model;
			sourceTree = "<group>";
		};
		8470FC452580E12200B05974 /* ELHomeworkModule */ = {
			isa = PBXGroup;
			children = (
				8470FC772587278700B05974 /* Models */,
				8470FC472580E13C00B05974 /* ViewControllers */,
				8470FC462580E13000B05974 /* Views */,
				8470FC522580E4C800B05974 /* ELHomeworkModule.h */,
				8470FC532580E4C800B05974 /* ELHomeworkModule.m */,
			);
			path = ELHomeworkModule;
			sourceTree = "<group>";
		};
		8470FC462580E13000B05974 /* Views */ = {
			isa = PBXGroup;
			children = (
				8470FC6B2587093800B05974 /* HomeworkShowTableViewCell.h */,
				8470FC6C2587093800B05974 /* HomeworkShowTableViewCell.m */,
				8470FC7125870A5100B05974 /* AvatarCard.h */,
				8470FC7225870A5100B05974 /* AvatarCard.m */,
			);
			path = Views;
			sourceTree = "<group>";
		};
		8470FC472580E13C00B05974 /* ViewControllers */ = {
			isa = PBXGroup;
			children = (
				8470FC482580E3F000B05974 /* BroadcastViewController.h */,
				8470FC492580E3F000B05974 /* BroadcastViewController.m */,
				8470FC652587067B00B05974 /* HomeworkShowViewController.h */,
				8470FC662587067B00B05974 /* HomeworkShowViewController.m */,
			);
			path = ViewControllers;
			sourceTree = "<group>";
		};
		8470FC772587278700B05974 /* Models */ = {
			isa = PBXGroup;
			children = (
				8470FC78258727A700B05974 /* TaskModel.h */,
				8470FC79258727A700B05974 /* TaskModel.m */,
				8470FDEF26070C4D00B05974 /* PagedResult.h */,
				8470FDF026070C4D00B05974 /* PagedResult.m */,
				8470FDE026070A8D00B05974 /* ELResponse.h */,
				8470FDE126070A8D00B05974 /* ELResponse.m */,
			);
			path = Models;
			sourceTree = "<group>";
		};
		8470FC7E2587533E00B05974 /* Models */ = {
			isa = PBXGroup;
			children = (
				8470FC7F2587534C00B05974 /* ELOverlayItem.h */,
				8470FC802587534C00B05974 /* ELOverlayItem.m */,
				8470FC8E25885F1200B05974 /* ELCenterOverlayModel.h */,
				8470FC8F25885F1200B05974 /* ELCenterOverlayModel.m */,
				8470FDCD26062E2800B05974 /* BasicInfo.h */,
				8470FDCE26062E2800B05974 /* BasicInfo.m */,
			);
			path = Models;
			sourceTree = "<group>";
		};
		8470FCB0258C75C400B05974 /* ELCommunityModule */ = {
			isa = PBXGroup;
			children = (
				8470FCC5258C77D700B05974 /* Views */,
				8470FCBE258C770000B05974 /* Models */,
				8470FCB1258C75D900B05974 /* ViewControllers */,
				8470FCB8258C763900B05974 /* ELCommunityModule.h */,
				8470FCB9258C763900B05974 /* ELCommunityModule.m */,
			);
			path = ELCommunityModule;
			sourceTree = "<group>";
		};
		8470FCB1258C75D900B05974 /* ViewControllers */ = {
			isa = PBXGroup;
			children = (
				8470FD5B25A1B57400B05974 /* CreateUgc */,
				8470FCB2258C761500B05974 /* CommunityViewController.h */,
				8470FCB3258C761500B05974 /* CommunityViewController.m */,
				8470FD0625907E9E00B05974 /* UgcDetailPageViewController.h */,
				8470FD0725907E9E00B05974 /* UgcDetailPageViewController.m */,
				8470FD2525947DE800B05974 /* TestViewController.h */,
				8470FD2625947DE800B05974 /* TestViewController.m */,
			);
			path = ViewControllers;
			sourceTree = "<group>";
		};
		8470FCBE258C770000B05974 /* Models */ = {
			isa = PBXGroup;
			children = (
				8470FCBF258C771900B05974 /* UgcModel.h */,
				8470FCC0258C771900B05974 /* UgcModel.m */,
				8470FCE0258C994B00B05974 /* UgcNormalContent.h */,
				8470FCE1258C994B00B05974 /* UgcNormalContent.m */,
				8470FD1525945D7300B05974 /* CommentModel.h */,
				8470FD1625945D7300B05974 /* CommentModel.m */,
				8470FD3D259AEB0900B05974 /* UgcVoteModel.h */,
				8470FD3E259AEB0900B05974 /* UgcVoteModel.m */,
				8470FD55259CBB4000B05974 /* UgcPublishTextImgModel.h */,
				8470FD56259CBB4000B05974 /* UgcPublishTextImgModel.m */,
			);
			path = Models;
			sourceTree = "<group>";
		};
		8470FCC5258C77D700B05974 /* Views */ = {
			isa = PBXGroup;
			children = (
				8470FD1B25945DFF00B05974 /* CommentViews */,
				8470FCC6258C77F100B05974 /* UgcCard.h */,
				8470FCC7258C77F100B05974 /* UgcCard.m */,
				8470FCE6258C9AC700B05974 /* UgcVoteCard.h */,
				8470FCE7258C9AC700B05974 /* UgcVoteCard.m */,
				8470FCF7258C9BFB00B05974 /* ELVoteCard.h */,
				8470FCF8258C9BFB00B05974 /* ELVoteCard.m */,
				8470FCFD2590461100B05974 /* UgcTextImgCard.h */,
				8470FCFE2590461100B05974 /* UgcTextImgCard.m */,
				8470FD0C259438DD00B05974 /* UgcCardTableViewCell.h */,
				8470FD0D259438DD00B05974 /* UgcCardTableViewCell.m */,
				8470FD4F259CB0F200B05974 /* ELPublishImage.h */,
				8470FD50259CB0F200B05974 /* ELPublishImage.m */,
			);
			path = Views;
			sourceTree = "<group>";
		};
		8470FD1B25945DFF00B05974 /* CommentViews */ = {
			isa = PBXGroup;
			children = (
				8470FD1C25945E1A00B05974 /* CommentCard.h */,
				8470FD1D25945E1A00B05974 /* CommentCard.m */,
				8470FD2B2594867500B05974 /* CommentEditView.h */,
				8470FD2C2594867500B05974 /* CommentEditView.m */,
			);
			path = CommentViews;
			sourceTree = "<group>";
		};
		8470FD5B25A1B57400B05974 /* CreateUgc */ = {
			isa = PBXGroup;
			children = (
				8470FD49259C506600B05974 /* UgcTextImgPublishViewController.h */,
				8470FD4A259C506600B05974 /* UgcTextImgPublishViewController.m */,
				8470FD5F25A1B5C500B05974 /* UgcVotePublishViewController.h */,
				8470FD6025A1B5C500B05974 /* UgcVotePublishViewController.m */,
			);
			path = CreateUgc;
			sourceTree = "<group>";
		};
		8470FD6525A2D79500B05974 /* ELChatModule */ = {
			isa = PBXGroup;
			children = (
				8470FD6825A2D7AE00B05974 /* ViewControllers */,
				8470FD6725A2D7A800B05974 /* Models */,
				8470FD6625A2D7A300B05974 /* Views */,
				8470FD6925A2D7CB00B05974 /* ELChatModule.h */,
				8470FD6A25A2D7CB00B05974 /* ELChatModule.m */,
			);
			path = ELChatModule;
			sourceTree = "<group>";
		};
		8470FD6625A2D7A300B05974 /* Views */ = {
			isa = PBXGroup;
			children = (
				8470FD8425A2E22100B05974 /* MessageSummaryCardTableViewCell.h */,
				8470FD8525A2E22100B05974 /* MessageSummaryCardTableViewCell.m */,
				8470FDA325A42CA900B05974 /* AddressListTableViewCell.h */,
				8470FDA425A42CA900B05974 /* AddressListTableViewCell.m */,
				8470FDAC25A4560D00B05974 /* ChatBoard.h */,
				8470FDAD25A4560D00B05974 /* ChatBoard.m */,
				8470FDB225AEC50600B05974 /* MessageBubble.h */,
				8470FDB325AEC50600B05974 /* MessageBubble.m */,
				8470FDB825AEC99700B05974 /* MessageRecordTableViewCell.h */,
				8470FDB925AEC99700B05974 /* MessageRecordTableViewCell.m */,
			);
			path = Views;
			sourceTree = "<group>";
		};
		8470FD6725A2D7A800B05974 /* Models */ = {
			isa = PBXGroup;
			children = (
				8470FD7825A2DDBF00B05974 /* MessageModel.h */,
				8470FD7925A2DDBF00B05974 /* MessageModel.m */,
				8470FD7E25A2E00E00B05974 /* ChatAllModel.h */,
				8470FD7F25A2E00E00B05974 /* ChatAllModel.m */,
				8470FD9725A426D900B05974 /* ContactPersonModel.h */,
				8470FD9825A426D900B05974 /* ContactPersonModel.m */,
			);
			path = Models;
			sourceTree = "<group>";
		};
		8470FD6825A2D7AE00B05974 /* ViewControllers */ = {
			isa = PBXGroup;
			children = (
				8470FD7225A2DCC000B05974 /* ChatAllViewController.h */,
				8470FD7325A2DCC000B05974 /* ChatAllViewController.m */,
				8470FD8A25A2E29900B05974 /* ChatDetailViewController.h */,
				8470FD8B25A2E29900B05974 /* ChatDetailViewController.m */,
				8470FD9D25A4276400B05974 /* AddressListViewController.h */,
				8470FD9E25A4276400B05974 /* AddressListViewController.m */,
			);
			path = ViewControllers;
			sourceTree = "<group>";
		};
		A909C9DE12E7DE9264A4542E /* Pods */ = {
			isa = PBXGroup;
			children = (
				F87AF0CFB6BB37AC984C83F1 /* Pods-EduLoop.debug.xcconfig */,
				4A9FEE5E2DF57E8D74A2552C /* Pods-EduLoop.release.xcconfig */,
			);
			path = Pods;
			sourceTree = "<group>";
		};
/* End PBXGroup section */

/* Begin PBXNativeTarget section */
		8470FAEE2577B9A200B05974 /* EduLoop */ = {
			isa = PBXNativeTarget;
			buildConfigurationList = 8470FB1E2577B9A300B05974 /* Build configuration list for PBXNativeTarget "EduLoop" */;
			buildPhases = (
				1004621146FB640073EF2C79 /* [CP] Check Pods Manifest.lock */,
				8470FAEB2577B9A200B05974 /* Sources */,
				8470FAEC2577B9A200B05974 /* Frameworks */,
				8470FAED2577B9A200B05974 /* Resources */,
				8A7FE8CD22D65B450DA28405 /* [CP] Embed Pods Frameworks */,
				6F858F8FB6DBE5C568933850 /* [CP] Copy Pods Resources */,
			);
			buildRules = (
			);
			dependencies = (
			);
			name = EduLoop;
			productName = EduLoop;
			productReference = 8470FAEF2577B9A200B05974 /* EduLoop.app */;
			productType = "com.apple.product-type.application";
		};
		8470FB092577B9A300B05974 /* EduLoopTests */ = {
			isa = PBXNativeTarget;
			buildConfigurationList = 8470FB212577B9A300B05974 /* Build configuration list for PBXNativeTarget "EduLoopTests" */;
			buildPhases = (
				8470FB062577B9A300B05974 /* Sources */,
				8470FB072577B9A300B05974 /* Frameworks */,
				8470FB082577B9A300B05974 /* Resources */,
			);
			buildRules = (
			);
			dependencies = (
				8470FB0C2577B9A300B05974 /* PBXTargetDependency */,
			);
			name = EduLoopTests;
			productName = EduLoopTests;
			productReference = 8470FB0A2577B9A300B05974 /* EduLoopTests.xctest */;
			productType = "com.apple.product-type.bundle.unit-test";
		};
		8470FB142577B9A300B05974 /* EduLoopUITests */ = {
			isa = PBXNativeTarget;
			buildConfigurationList = 8470FB242577B9A300B05974 /* Build configuration list for PBXNativeTarget "EduLoopUITests" */;
			buildPhases = (
				8470FB112577B9A300B05974 /* Sources */,
				8470FB122577B9A300B05974 /* Frameworks */,
				8470FB132577B9A300B05974 /* Resources */,
			);
			buildRules = (
			);
			dependencies = (
				8470FB172577B9A300B05974 /* PBXTargetDependency */,
			);
			name = EduLoopUITests;
			productName = EduLoopUITests;
			productReference = 8470FB152577B9A300B05974 /* EduLoopUITests.xctest */;
			productType = "com.apple.product-type.bundle.ui-testing";
		};
/* End PBXNativeTarget section */

/* Begin PBXProject section */
		8470FAE72577B9A200B05974 /* Project object */ = {
			isa = PBXProject;
			attributes = {
				LastUpgradeCheck = 1200;
				TargetAttributes = {
					8470FAEE2577B9A200B05974 = {
						CreatedOnToolsVersion = 12.0;
					};
					8470FB092577B9A300B05974 = {
						CreatedOnToolsVersion = 12.0;
						TestTargetID = 8470FAEE2577B9A200B05974;
					};
					8470FB142577B9A300B05974 = {
						CreatedOnToolsVersion = 12.0;
						TestTargetID = 8470FAEE2577B9A200B05974;
					};
				};
			};
			buildConfigurationList = 8470FAEA2577B9A200B05974 /* Build configuration list for PBXProject "EduLoop" */;
			compatibilityVersion = "Xcode 9.3";
			developmentRegion = en;
			hasScannedForEncodings = 0;
			knownRegions = (
				en,
				Base,
			);
			mainGroup = 8470FAE62577B9A200B05974;
			productRefGroup = 8470FAF02577B9A200B05974 /* Products */;
			projectDirPath = "";
			projectRoot = "";
			targets = (
				8470FAEE2577B9A200B05974 /* EduLoop */,
				8470FB092577B9A300B05974 /* EduLoopTests */,
				8470FB142577B9A300B05974 /* EduLoopUITests */,
			);
		};
/* End PBXProject section */

/* Begin PBXResourcesBuildPhase section */
		8470FAED2577B9A200B05974 /* Resources */ = {
			isa = PBXResourcesBuildPhase;
			buildActionMask = 2147483647;
			files = (
				8470FB022577B9A300B05974 /* LaunchScreen.storyboard in Resources */,
				8470FBED257F698D00B05974 /* Media.xcassets in Resources */,
				8470FAFF2577B9A300B05974 /* Assets.xcassets in Resources */,
				8470FAFD2577B9A200B05974 /* Main.storyboard in Resources */,
			);
			runOnlyForDeploymentPostprocessing = 0;
		};
		8470FB082577B9A300B05974 /* Resources */ = {
			isa = PBXResourcesBuildPhase;
			buildActionMask = 2147483647;
			files = (
			);
			runOnlyForDeploymentPostprocessing = 0;
		};
		8470FB132577B9A300B05974 /* Resources */ = {
			isa = PBXResourcesBuildPhase;
			buildActionMask = 2147483647;
			files = (
			);
			runOnlyForDeploymentPostprocessing = 0;
		};
/* End PBXResourcesBuildPhase section */

/* Begin PBXShellScriptBuildPhase section */
		1004621146FB640073EF2C79 /* [CP] Check Pods Manifest.lock */ = {
			isa = PBXShellScriptBuildPhase;
			buildActionMask = 2147483647;
			files = (
			);
			inputFileListPaths = (
			);
			inputPaths = (
				"${PODS_PODFILE_DIR_PATH}/Podfile.lock",
				"${PODS_ROOT}/Manifest.lock",
			);
			name = "[CP] Check Pods Manifest.lock";
			outputFileListPaths = (
			);
			outputPaths = (
				"$(DERIVED_FILE_DIR)/Pods-EduLoop-checkManifestLockResult.txt",
			);
			runOnlyForDeploymentPostprocessing = 0;
			shellPath = /bin/sh;
			shellScript = "diff \"${PODS_PODFILE_DIR_PATH}/Podfile.lock\" \"${PODS_ROOT}/Manifest.lock\" > /dev/null\nif [ $? != 0 ] ; then\n    # print error to STDERR\n    echo \"error: The sandbox is not in sync with the Podfile.lock. Run 'pod install' or update your CocoaPods installation.\" >&2\n    exit 1\nfi\n# This output is used by Xcode 'outputs' to avoid re-running this script phase.\necho \"SUCCESS\" > \"${SCRIPT_OUTPUT_FILE_0}\"\n";
			showEnvVarsInLog = 0;
		};
		6F858F8FB6DBE5C568933850 /* [CP] Copy Pods Resources */ = {
			isa = PBXShellScriptBuildPhase;
			buildActionMask = 2147483647;
			files = (
			);
			inputFileListPaths = (
			);
			inputPaths = (
				"${PODS_ROOT}/Target Support Files/Pods-EduLoop/Pods-EduLoop-resources.sh",
				"${PODS_ROOT}/MJRefresh/MJRefresh/MJRefresh.bundle",
				"${PODS_ROOT}/PGDatePicker/PGDatePicker/PGDatePicker.bundle",
			);
			name = "[CP] Copy Pods Resources";
			outputFileListPaths = (
			);
			outputPaths = (
				"${TARGET_BUILD_DIR}/${UNLOCALIZED_RESOURCES_FOLDER_PATH}/MJRefresh.bundle",
				"${TARGET_BUILD_DIR}/${UNLOCALIZED_RESOURCES_FOLDER_PATH}/PGDatePicker.bundle",
			);
			runOnlyForDeploymentPostprocessing = 0;
			shellPath = /bin/sh;
			shellScript = "\"${PODS_ROOT}/Target Support Files/Pods-EduLoop/Pods-EduLoop-resources.sh\"\n";
			showEnvVarsInLog = 0;
		};
		8A7FE8CD22D65B450DA28405 /* [CP] Embed Pods Frameworks */ = {
			isa = PBXShellScriptBuildPhase;
			buildActionMask = 2147483647;
			files = (
			);
			inputFileListPaths = (
			);
			inputPaths = (
				"${PODS_ROOT}/Target Support Files/Pods-EduLoop/Pods-EduLoop-frameworks.sh",
				"${PODS_ROOT}/LookinServer/LookinServer.framework",
			);
			name = "[CP] Embed Pods Frameworks";
			outputFileListPaths = (
			);
			outputPaths = (
				"${TARGET_BUILD_DIR}/${FRAMEWORKS_FOLDER_PATH}/LookinServer.framework",
			);
			runOnlyForDeploymentPostprocessing = 0;
			shellPath = /bin/sh;
			shellScript = "\"${PODS_ROOT}/Target Support Files/Pods-EduLoop/Pods-EduLoop-frameworks.sh\"\n";
			showEnvVarsInLog = 0;
		};
/* End PBXShellScriptBuildPhase section */

/* Begin PBXSourcesBuildPhase section */
		8470FAEB2577B9A200B05974 /* Sources */ = {
			isa = PBXSourcesBuildPhase;
			buildActionMask = 2147483647;
			files = (
				8470FC812587534C00B05974 /* ELOverlayItem.m in Sources */,
				8470FC1A2580AAAD00B05974 /* ChildProfileCard.m in Sources */,
				8470FAFA2577B9A200B05974 /* MineViewController.m in Sources */,
				8470FD8C25A2E29900B05974 /* ChatDetailViewController.m in Sources */,
				8470FDBA25AEC99700B05974 /* MessageRecordTableViewCell.m in Sources */,
				8470FBB1257F3FCA00B05974 /* SettingDataTableViewCell.m in Sources */,
				8470FAF42577B9A200B05974 /* AppDelegate.m in Sources */,
				8470FC542580E4C800B05974 /* ELHomeworkModule.m in Sources */,
				8470FDB425AEC50600B05974 /* MessageBubble.m in Sources */,
				8470FC7325870A5100B05974 /* AvatarCard.m in Sources */,
				8470FDAE25A4560D00B05974 /* ChatBoard.m in Sources */,
				8470FCF9258C9BFB00B05974 /* ELVoteCard.m in Sources */,
				8470FC0E25808B9D00B05974 /* ELOverlayTableViewCell.m in Sources */,
				8470FB052577B9A300B05974 /* main.m in Sources */,
				8470FDC025B6D62F00B05974 /* ELScreen.m in Sources */,
				8470FD7425A2DCC000B05974 /* ChatAllViewController.m in Sources */,
				8470FCE8258C9AC700B05974 /* UgcVoteCard.m in Sources */,
				8470FD33259A262A00B05974 /* ELSearchBar.m in Sources */,
				8470FD57259CBB4000B05974 /* UgcPublishTextImgModel.m in Sources */,
				8470FD8625A2E22100B05974 /* MessageSummaryCardTableViewCell.m in Sources */,
				8470FD7A25A2DDBF00B05974 /* MessageModel.m in Sources */,
				8470FC9025885F1200B05974 /* ELCenterOverlayModel.m in Sources */,
				8470FC672587067B00B05974 /* HomeworkShowViewController.m in Sources */,
				8470FD45259B05EC00B05974 /* ELImageManager.m in Sources */,
				8470FCBA258C763900B05974 /* ELCommunityModule.m in Sources */,
				8470FC4A2580E3F000B05974 /* BroadcastViewController.m in Sources */,
				8470FD0825907E9E00B05974 /* UgcDetailPageViewController.m in Sources */,
				8470FD1725945D7300B05974 /* CommentModel.m in Sources */,
				8470FC142580AA0B00B05974 /* ChildProfileViewController.m in Sources */,
				8470FDA525A42CA900B05974 /* AddressListTableViewCell.m in Sources */,
				8470FCA6258B4CBB00B05974 /* ELBottomStackOverlay.m in Sources */,
				8470FC412580C4DA00B05974 /* ChildModel.m in Sources */,
				8470FDE226070A8D00B05974 /* ELResponse.m in Sources */,
				8470FBAB257F3B5100B05974 /* ProfileViewController.m in Sources */,
				8470FAF72577B9A200B05974 /* SceneDelegate.m in Sources */,
				8470FC7A258727A700B05974 /* TaskModel.m in Sources */,
				8470FD8025A2E00E00B05974 /* ChatAllModel.m in Sources */,
				8470FD2725947DE800B05974 /* TestViewController.m in Sources */,
				8470FD9925A426D900B05974 /* ContactPersonModel.m in Sources */,
				8470FD6125A1B5C500B05974 /* UgcVotePublishViewController.m in Sources */,
				8470FC6D2587093800B05974 /* HomeworkShowTableViewCell.m in Sources */,
				8470FD3F259AEB0900B05974 /* UgcVoteModel.m in Sources */,
				8470FB602577EE0800B05974 /* UIColor+EHGenerator.m in Sources */,
				8470FB9F2579443E00B05974 /* MineMiscCard.m in Sources */,
				8470FC8A25885C8A00B05974 /* ELCenterOverlay.m in Sources */,
				8470FBFB2580885800B05974 /* ELOverlay.m in Sources */,
				8470FD1E25945E1A00B05974 /* CommentCard.m in Sources */,
				8470FD6B25A2D7CB00B05974 /* ELChatModule.m in Sources */,
				8470FB902579310E00B05974 /* MineMiscCardTableViewCell.m in Sources */,
				8470FCC1258C771900B05974 /* UgcModel.m in Sources */,
				8470FCB4258C761500B05974 /* CommunityViewController.m in Sources */,
				8470FD9325A2FF0200B05974 /* ELCustomLabel.m in Sources */,
				8470FD9F25A4276400B05974 /* AddressListViewController.m in Sources */,
				8470FC9625889A5F00B05974 /* ELFloatingButton.m in Sources */,
				8470FD51259CB0F200B05974 /* ELPublishImage.m in Sources */,
				8470FCE2258C994B00B05974 /* UgcNormalContent.m in Sources */,
				8470FB6D2577EE1500B05974 /* UIColor+EHTheme.m in Sources */,
				8470FB6F2577EE1500B05974 /* UIColor+EHGenerator.m in Sources */,
				8470FB752578CD9500B05974 /* MineToolCard.m in Sources */,
				8470FB7B2578D02B00B05974 /* MineToolCardItem.m in Sources */,
				8470FCC8258C77F100B05974 /* UgcCard.m in Sources */,
				8470FCAC258B778600B05974 /* ELStackCardItem.m in Sources */,
				8470FD2D2594867500B05974 /* CommentEditView.m in Sources */,
				8470FD4B259C506600B05974 /* UgcTextImgPublishViewController.m in Sources */,
				8470FDF126070C4D00B05974 /* PagedResult.m in Sources */,
				8470FD39259A36AF00B05974 /* ELCommentManager.m in Sources */,
				8470FDCF26062E2800B05974 /* BasicInfo.m in Sources */,
				8470FD0E259438DD00B05974 /* UgcCardTableViewCell.m in Sources */,
				8470FB2F2577BEF700B05974 /* MineInfoCard.m in Sources */,
				8470FCFF2590461100B05974 /* UgcTextImgCard.m in Sources */,
			);
			runOnlyForDeploymentPostprocessing = 0;
		};
		8470FB062577B9A300B05974 /* Sources */ = {
			isa = PBXSourcesBuildPhase;
			buildActionMask = 2147483647;
			files = (
				8470FB0F2577B9A300B05974 /* EduLoopTests.m in Sources */,
			);
			runOnlyForDeploymentPostprocessing = 0;
		};
		8470FB112577B9A300B05974 /* Sources */ = {
			isa = PBXSourcesBuildPhase;
			buildActionMask = 2147483647;
			files = (
				8470FB1A2577B9A300B05974 /* EduLoopUITests.m in Sources */,
			);
			runOnlyForDeploymentPostprocessing = 0;
		};
/* End PBXSourcesBuildPhase section */

/* Begin PBXTargetDependency section */
		8470FB0C2577B9A300B05974 /* PBXTargetDependency */ = {
			isa = PBXTargetDependency;
			target = 8470FAEE2577B9A200B05974 /* EduLoop */;
			targetProxy = 8470FB0B2577B9A300B05974 /* PBXContainerItemProxy */;
		};
		8470FB172577B9A300B05974 /* PBXTargetDependency */ = {
			isa = PBXTargetDependency;
			target = 8470FAEE2577B9A200B05974 /* EduLoop */;
			targetProxy = 8470FB162577B9A300B05974 /* PBXContainerItemProxy */;
		};
/* End PBXTargetDependency section */

/* Begin PBXVariantGroup section */
		8470FAFB2577B9A200B05974 /* Main.storyboard */ = {
			isa = PBXVariantGroup;
			children = (
				8470FAFC2577B9A200B05974 /* Base */,
			);
			name = Main.storyboard;
			sourceTree = "<group>";
		};
		8470FB002577B9A300B05974 /* LaunchScreen.storyboard */ = {
			isa = PBXVariantGroup;
			children = (
				8470FB012577B9A300B05974 /* Base */,
			);
			name = LaunchScreen.storyboard;
			sourceTree = "<group>";
		};
/* End PBXVariantGroup section */

/* Begin XCBuildConfiguration section */
		8470FB1C2577B9A300B05974 /* Debug */ = {
			isa = XCBuildConfiguration;
			buildSettings = {
				ALWAYS_SEARCH_USER_PATHS = NO;
				CLANG_ANALYZER_NONNULL = YES;
				CLANG_ANALYZER_NUMBER_OBJECT_CONVERSION = YES_AGGRESSIVE;
				CLANG_CXX_LANGUAGE_STANDARD = "gnu++14";
				CLANG_CXX_LIBRARY = "libc++";
				CLANG_ENABLE_MODULES = YES;
				CLANG_ENABLE_OBJC_ARC = YES;
				CLANG_ENABLE_OBJC_WEAK = YES;
				CLANG_WARN_BLOCK_CAPTURE_AUTORELEASING = YES;
				CLANG_WARN_BOOL_CONVERSION = YES;
				CLANG_WARN_COMMA = YES;
				CLANG_WARN_CONSTANT_CONVERSION = YES;
				CLANG_WARN_DEPRECATED_OBJC_IMPLEMENTATIONS = YES;
				CLANG_WARN_DIRECT_OBJC_ISA_USAGE = YES_ERROR;
				CLANG_WARN_DOCUMENTATION_COMMENTS = YES;
				CLANG_WARN_EMPTY_BODY = YES;
				CLANG_WARN_ENUM_CONVERSION = YES;
				CLANG_WARN_INFINITE_RECURSION = YES;
				CLANG_WARN_INT_CONVERSION = YES;
				CLANG_WARN_NON_LITERAL_NULL_CONVERSION = YES;
				CLANG_WARN_OBJC_IMPLICIT_RETAIN_SELF = YES;
				CLANG_WARN_OBJC_LITERAL_CONVERSION = YES;
				CLANG_WARN_OBJC_ROOT_CLASS = YES_ERROR;
				CLANG_WARN_QUOTED_INCLUDE_IN_FRAMEWORK_HEADER = YES;
				CLANG_WARN_RANGE_LOOP_ANALYSIS = YES;
				CLANG_WARN_STRICT_PROTOTYPES = YES;
				CLANG_WARN_SUSPICIOUS_MOVE = YES;
				CLANG_WARN_UNGUARDED_AVAILABILITY = YES_AGGRESSIVE;
				CLANG_WARN_UNREACHABLE_CODE = YES;
				CLANG_WARN__DUPLICATE_METHOD_MATCH = YES;
				COPY_PHASE_STRIP = NO;
				DEBUG_INFORMATION_FORMAT = dwarf;
				ENABLE_STRICT_OBJC_MSGSEND = YES;
				ENABLE_TESTABILITY = YES;
				GCC_C_LANGUAGE_STANDARD = gnu11;
				GCC_DYNAMIC_NO_PIC = NO;
				GCC_NO_COMMON_BLOCKS = YES;
				GCC_OPTIMIZATION_LEVEL = 0;
				GCC_PREPROCESSOR_DEFINITIONS = (
					"DEBUG=1",
					"$(inherited)",
				);
				GCC_WARN_64_TO_32_BIT_CONVERSION = YES;
				GCC_WARN_ABOUT_RETURN_TYPE = YES_ERROR;
				GCC_WARN_UNDECLARED_SELECTOR = YES;
				GCC_WARN_UNINITIALIZED_AUTOS = YES_AGGRESSIVE;
				GCC_WARN_UNUSED_FUNCTION = YES;
				GCC_WARN_UNUSED_VARIABLE = YES;
				IPHONEOS_DEPLOYMENT_TARGET = 14.0;
				MTL_ENABLE_DEBUG_INFO = INCLUDE_SOURCE;
				MTL_FAST_MATH = YES;
				ONLY_ACTIVE_ARCH = YES;
				SDKROOT = iphoneos;
			};
			name = Debug;
		};
		8470FB1D2577B9A300B05974 /* Release */ = {
			isa = XCBuildConfiguration;
			buildSettings = {
				ALWAYS_SEARCH_USER_PATHS = NO;
				CLANG_ANALYZER_NONNULL = YES;
				CLANG_ANALYZER_NUMBER_OBJECT_CONVERSION = YES_AGGRESSIVE;
				CLANG_CXX_LANGUAGE_STANDARD = "gnu++14";
				CLANG_CXX_LIBRARY = "libc++";
				CLANG_ENABLE_MODULES = YES;
				CLANG_ENABLE_OBJC_ARC = YES;
				CLANG_ENABLE_OBJC_WEAK = YES;
				CLANG_WARN_BLOCK_CAPTURE_AUTORELEASING = YES;
				CLANG_WARN_BOOL_CONVERSION = YES;
				CLANG_WARN_COMMA = YES;
				CLANG_WARN_CONSTANT_CONVERSION = YES;
				CLANG_WARN_DEPRECATED_OBJC_IMPLEMENTATIONS = YES;
				CLANG_WARN_DIRECT_OBJC_ISA_USAGE = YES_ERROR;
				CLANG_WARN_DOCUMENTATION_COMMENTS = YES;
				CLANG_WARN_EMPTY_BODY = YES;
				CLANG_WARN_ENUM_CONVERSION = YES;
				CLANG_WARN_INFINITE_RECURSION = YES;
				CLANG_WARN_INT_CONVERSION = YES;
				CLANG_WARN_NON_LITERAL_NULL_CONVERSION = YES;
				CLANG_WARN_OBJC_IMPLICIT_RETAIN_SELF = YES;
				CLANG_WARN_OBJC_LITERAL_CONVERSION = YES;
				CLANG_WARN_OBJC_ROOT_CLASS = YES_ERROR;
				CLANG_WARN_QUOTED_INCLUDE_IN_FRAMEWORK_HEADER = YES;
				CLANG_WARN_RANGE_LOOP_ANALYSIS = YES;
				CLANG_WARN_STRICT_PROTOTYPES = YES;
				CLANG_WARN_SUSPICIOUS_MOVE = YES;
				CLANG_WARN_UNGUARDED_AVAILABILITY = YES_AGGRESSIVE;
				CLANG_WARN_UNREACHABLE_CODE = YES;
				CLANG_WARN__DUPLICATE_METHOD_MATCH = YES;
				COPY_PHASE_STRIP = NO;
				DEBUG_INFORMATION_FORMAT = "dwarf-with-dsym";
				ENABLE_NS_ASSERTIONS = NO;
				ENABLE_STRICT_OBJC_MSGSEND = YES;
				GCC_C_LANGUAGE_STANDARD = gnu11;
				GCC_NO_COMMON_BLOCKS = YES;
				GCC_WARN_64_TO_32_BIT_CONVERSION = YES;
				GCC_WARN_ABOUT_RETURN_TYPE = YES_ERROR;
				GCC_WARN_UNDECLARED_SELECTOR = YES;
				GCC_WARN_UNINITIALIZED_AUTOS = YES_AGGRESSIVE;
				GCC_WARN_UNUSED_FUNCTION = YES;
				GCC_WARN_UNUSED_VARIABLE = YES;
				IPHONEOS_DEPLOYMENT_TARGET = 14.0;
				MTL_ENABLE_DEBUG_INFO = NO;
				MTL_FAST_MATH = YES;
				SDKROOT = iphoneos;
				VALIDATE_PRODUCT = YES;
			};
			name = Release;
		};
		8470FB1F2577B9A300B05974 /* Debug */ = {
			isa = XCBuildConfiguration;
			baseConfigurationReference = F87AF0CFB6BB37AC984C83F1 /* Pods-EduLoop.debug.xcconfig */;
			buildSettings = {
				ASSETCATALOG_COMPILER_APPICON_NAME = AppIcon;
				ASSETCATALOG_COMPILER_GLOBAL_ACCENT_COLOR_NAME = AccentColor;
				CODE_SIGN_STYLE = Automatic;
				INFOPLIST_FILE = EduLoop/Info.plist;
				LD_RUNPATH_SEARCH_PATHS = (
					"$(inherited)",
					"@executable_path/Frameworks",
				);
				PRODUCT_BUNDLE_IDENTIFIER = mijika.EduLoop;
				PRODUCT_NAME = "$(TARGET_NAME)";
				TARGETED_DEVICE_FAMILY = "1,2";
			};
			name = Debug;
		};
		8470FB202577B9A300B05974 /* Release */ = {
			isa = XCBuildConfiguration;
			baseConfigurationReference = 4A9FEE5E2DF57E8D74A2552C /* Pods-EduLoop.release.xcconfig */;
			buildSettings = {
				ASSETCATALOG_COMPILER_APPICON_NAME = AppIcon;
				ASSETCATALOG_COMPILER_GLOBAL_ACCENT_COLOR_NAME = AccentColor;
				CODE_SIGN_STYLE = Automatic;
				INFOPLIST_FILE = EduLoop/Info.plist;
				LD_RUNPATH_SEARCH_PATHS = (
					"$(inherited)",
					"@executable_path/Frameworks",
				);
				PRODUCT_BUNDLE_IDENTIFIER = mijika.EduLoop;
				PRODUCT_NAME = "$(TARGET_NAME)";
				TARGETED_DEVICE_FAMILY = "1,2";
			};
			name = Release;
		};
		8470FB222577B9A300B05974 /* Debug */ = {
			isa = XCBuildConfiguration;
			buildSettings = {
				BUNDLE_LOADER = "$(TEST_HOST)";
				CODE_SIGN_STYLE = Automatic;
				INFOPLIST_FILE = EduLoopTests/Info.plist;
				IPHONEOS_DEPLOYMENT_TARGET = 14.0;
				LD_RUNPATH_SEARCH_PATHS = (
					"$(inherited)",
					"@executable_path/Frameworks",
					"@loader_path/Frameworks",
				);
				PRODUCT_BUNDLE_IDENTIFIER = mijika.EduLoopTests;
				PRODUCT_NAME = "$(TARGET_NAME)";
				TARGETED_DEVICE_FAMILY = "1,2";
				TEST_HOST = "$(BUILT_PRODUCTS_DIR)/EduLoop.app/EduLoop";
			};
			name = Debug;
		};
		8470FB232577B9A300B05974 /* Release */ = {
			isa = XCBuildConfiguration;
			buildSettings = {
				BUNDLE_LOADER = "$(TEST_HOST)";
				CODE_SIGN_STYLE = Automatic;
				INFOPLIST_FILE = EduLoopTests/Info.plist;
				IPHONEOS_DEPLOYMENT_TARGET = 14.0;
				LD_RUNPATH_SEARCH_PATHS = (
					"$(inherited)",
					"@executable_path/Frameworks",
					"@loader_path/Frameworks",
				);
				PRODUCT_BUNDLE_IDENTIFIER = mijika.EduLoopTests;
				PRODUCT_NAME = "$(TARGET_NAME)";
				TARGETED_DEVICE_FAMILY = "1,2";
				TEST_HOST = "$(BUILT_PRODUCTS_DIR)/EduLoop.app/EduLoop";
			};
			name = Release;
		};
		8470FB252577B9A300B05974 /* Debug */ = {
			isa = XCBuildConfiguration;
			buildSettings = {
				CODE_SIGN_STYLE = Automatic;
				INFOPLIST_FILE = EduLoopUITests/Info.plist;
				LD_RUNPATH_SEARCH_PATHS = (
					"$(inherited)",
					"@executable_path/Frameworks",
					"@loader_path/Frameworks",
				);
				PRODUCT_BUNDLE_IDENTIFIER = mijika.EduLoopUITests;
				PRODUCT_NAME = "$(TARGET_NAME)";
				TARGETED_DEVICE_FAMILY = "1,2";
				TEST_TARGET_NAME = EduLoop;
			};
			name = Debug;
		};
		8470FB262577B9A300B05974 /* Release */ = {
			isa = XCBuildConfiguration;
			buildSettings = {
				CODE_SIGN_STYLE = Automatic;
				INFOPLIST_FILE = EduLoopUITests/Info.plist;
				LD_RUNPATH_SEARCH_PATHS = (
					"$(inherited)",
					"@executable_path/Frameworks",
					"@loader_path/Frameworks",
				);
				PRODUCT_BUNDLE_IDENTIFIER = mijika.EduLoopUITests;
				PRODUCT_NAME = "$(TARGET_NAME)";
				TARGETED_DEVICE_FAMILY = "1,2";
				TEST_TARGET_NAME = EduLoop;
			};
			name = Release;
		};
/* End XCBuildConfiguration section */

/* Begin XCConfigurationList section */
		8470FAEA2577B9A200B05974 /* Build configuration list for PBXProject "EduLoop" */ = {
			isa = XCConfigurationList;
			buildConfigurations = (
				8470FB1C2577B9A300B05974 /* Debug */,
				8470FB1D2577B9A300B05974 /* Release */,
			);
			defaultConfigurationIsVisible = 0;
			defaultConfigurationName = Release;
		};
		8470FB1E2577B9A300B05974 /* Build configuration list for PBXNativeTarget "EduLoop" */ = {
			isa = XCConfigurationList;
			buildConfigurations = (
				8470FB1F2577B9A300B05974 /* Debug */,
				8470FB202577B9A300B05974 /* Release */,
			);
			defaultConfigurationIsVisible = 0;
			defaultConfigurationName = Release;
		};
		8470FB212577B9A300B05974 /* Build configuration list for PBXNativeTarget "EduLoopTests" */ = {
			isa = XCConfigurationList;
			buildConfigurations = (
				8470FB222577B9A300B05974 /* Debug */,
				8470FB232577B9A300B05974 /* Release */,
			);
			defaultConfigurationIsVisible = 0;
			defaultConfigurationName = Release;
		};
		8470FB242577B9A300B05974 /* Build configuration list for PBXNativeTarget "EduLoopUITests" */ = {
			isa = XCConfigurationList;
			buildConfigurations = (
				8470FB252577B9A300B05974 /* Debug */,
				8470FB262577B9A300B05974 /* Release */,
			);
			defaultConfigurationIsVisible = 0;
			defaultConfigurationName = Release;
		};
/* End XCConfigurationList section */
	};
	rootObject = 8470FAE72577B9A200B05974 /* Project object */;
}
